
Microsoft Visual Studio Solution File, Format Version 12.00
# Visual Studio Version 17
VisualStudioVersion = 17.11.35222.181
MinimumVisualStudioVersion = 10.0.40219.1
Project("{FAE04EC0-301F-11D3-BF4B-00C04F79EFBC}") = "OnlineBank.Web", "OnlineBank.Web\OnlineBank.Web.csproj", "{05BCD758-1459-461E-8685-00948160F03D}"
EndProject
Global
	GlobalSection(SolutionConfigurationPlatforms) = preSolution
		Debug|Any CPU = Debug|Any CPU
		Release|Any CPU = Release|Any CPU
	EndGlobalSection
	GlobalSection(ProjectConfigurationPlatforms) = postSolution
		{05BCD758-1459-461E-8685-00948160F03D}.Debug|Any CPU.ActiveCfg = Debug|Any CPU
		{05BCD758-1459-461E-8685-00948160F03D}.Debug|Any CPU.Build.0 = Debug|Any CPU
		{05BCD758-1459-461E-8685-00948160F03D}.Release|Any CPU.ActiveCfg = Release|Any CPU
		{05BCD758-1459-461E-8685-00948160F03D}.Release|Any CPU.Build.0 = Release|Any CPU
	EndGlobalSection
	GlobalSection(SolutionProperties) = preSolution
		HideSolutionNode = FALSE
	EndGlobalSection
	GlobalSection(ExtensibilityGlobals) = postSolution
		SolutionGuid = {34A4A5CA-5FEE-4226-8285-2252F594BFBC}
	EndGlobalSection
EndGlobal
